
Microsoft Visual Studio Solution File, Format Version 12.00
# Visual Studio 15
VisualStudioVersion = 15.0.26124.0
MinimumVisualStudioVersion = 15.0.26124.0
Project("{F2A71F9B-5D33-465A-A702-920D77279786}") = "core", "core\core.fsproj", "{971BE6F9-A779-4BB7-B3AE-B9763BDDCF58}"
EndProject
Project("{F2A71F9B-5D33-465A-A702-920D77279786}") = "parser", "parser\parser.fsproj", "{5B9C5C9D-59CD-458D-99DC-3746AD517CFC}"
EndProject
Project("{F2A71F9B-5D33-465A-A702-920D77279786}") = "joyreact", "src\joyreact.fsproj", "{29A4AC44-7B2D-49E4-B1D9-093559A01D6A}"
EndProject
Project("{F2A71F9B-5D33-465A-A702-920D77279786}") = "test", "test\test.fsproj", "{23BDF4A7-6E5E-4EB3-8B90-8367D11DB4DE}"
EndProject
Project("{F2A71F9B-5D33-465A-A702-920D77279786}") = "server", "server\server.fsproj", "{F910D754-C00D-4FE9-9D3F-A151F4410550}"
EndProject
Project("{2150E333-8FDC-42A3-9474-1A3956D46DE8}") = "web", "web", "{91970717-7A93-413E-8D63-038D09DD5295}"
EndProject
Project("{F2A71F9B-5D33-465A-A702-920D77279786}") = "web", "web\src\web.fsproj", "{A6C58148-2228-4A73-805C-7249F921976C}"
EndProject
Project("{F2A71F9B-5D33-465A-A702-920D77279786}") = "web-cli", "web-cli\web-cli.fsproj", "{0B3230BD-2976-4B5F-86F1-B325DC383A98}"
EndProject
Project("{F2A71F9B-5D33-465A-A702-920D77279786}") = "components", "components\components.fsproj", "{1310C899-408B-4DE8-9C46-F2204CF5205C}"
EndProject
Global
	GlobalSection(SolutionConfigurationPlatforms) = preSolution
		Debug|Any CPU = Debug|Any CPU
		Debug|x64 = Debug|x64
		Debug|x86 = Debug|x86
		Release|Any CPU = Release|Any CPU
		Release|x64 = Release|x64
		Release|x86 = Release|x86
	EndGlobalSection
	GlobalSection(SolutionProperties) = preSolution
		HideSolutionNode = FALSE
	EndGlobalSection
	GlobalSection(ProjectConfigurationPlatforms) = postSolution
		{971BE6F9-A779-4BB7-B3AE-B9763BDDCF58}.Debug|Any CPU.ActiveCfg = Debug|Any CPU
		{971BE6F9-A779-4BB7-B3AE-B9763BDDCF58}.Debug|Any CPU.Build.0 = Debug|Any CPU
		{971BE6F9-A779-4BB7-B3AE-B9763BDDCF58}.Debug|x64.ActiveCfg = Debug|Any CPU
		{971BE6F9-A779-4BB7-B3AE-B9763BDDCF58}.Debug|x64.Build.0 = Debug|Any CPU
		{971BE6F9-A779-4BB7-B3AE-B9763BDDCF58}.Debug|x86.ActiveCfg = Debug|Any CPU
		{971BE6F9-A779-4BB7-B3AE-B9763BDDCF58}.Debug|x86.Build.0 = Debug|Any CPU
		{971BE6F9-A779-4BB7-B3AE-B9763BDDCF58}.Release|Any CPU.ActiveCfg = Release|Any CPU
		{971BE6F9-A779-4BB7-B3AE-B9763BDDCF58}.Release|Any CPU.Build.0 = Release|Any CPU
		{971BE6F9-A779-4BB7-B3AE-B9763BDDCF58}.Release|x64.ActiveCfg = Release|Any CPU
		{971BE6F9-A779-4BB7-B3AE-B9763BDDCF58}.Release|x64.Build.0 = Release|Any CPU
		{971BE6F9-A779-4BB7-B3AE-B9763BDDCF58}.Release|x86.ActiveCfg = Release|Any CPU
		{971BE6F9-A779-4BB7-B3AE-B9763BDDCF58}.Release|x86.Build.0 = Release|Any CPU
		{5B9C5C9D-59CD-458D-99DC-3746AD517CFC}.Debug|Any CPU.ActiveCfg = Debug|Any CPU
		{5B9C5C9D-59CD-458D-99DC-3746AD517CFC}.Debug|Any CPU.Build.0 = Debug|Any CPU
		{5B9C5C9D-59CD-458D-99DC-3746AD517CFC}.Debug|x64.ActiveCfg = Debug|Any CPU
		{5B9C5C9D-59CD-458D-99DC-3746AD517CFC}.Debug|x64.Build.0 = Debug|Any CPU
		{5B9C5C9D-59CD-458D-99DC-3746AD517CFC}.Debug|x86.ActiveCfg = Debug|Any CPU
		{5B9C5C9D-59CD-458D-99DC-3746AD517CFC}.Debug|x86.Build.0 = Debug|Any CPU
		{5B9C5C9D-59CD-458D-99DC-3746AD517CFC}.Release|Any CPU.ActiveCfg = Release|Any CPU
		{5B9C5C9D-59CD-458D-99DC-3746AD517CFC}.Release|Any CPU.Build.0 = Release|Any CPU
		{5B9C5C9D-59CD-458D-99DC-3746AD517CFC}.Release|x64.ActiveCfg = Release|Any CPU
		{5B9C5C9D-59CD-458D-99DC-3746AD517CFC}.Release|x64.Build.0 = Release|Any CPU
		{5B9C5C9D-59CD-458D-99DC-3746AD517CFC}.Release|x86.ActiveCfg = Release|Any CPU
		{5B9C5C9D-59CD-458D-99DC-3746AD517CFC}.Release|x86.Build.0 = Release|Any CPU
		{29A4AC44-7B2D-49E4-B1D9-093559A01D6A}.Debug|Any CPU.ActiveCfg = Debug|Any CPU
		{29A4AC44-7B2D-49E4-B1D9-093559A01D6A}.Debug|Any CPU.Build.0 = Debug|Any CPU
		{29A4AC44-7B2D-49E4-B1D9-093559A01D6A}.Debug|x64.ActiveCfg = Debug|Any CPU
		{29A4AC44-7B2D-49E4-B1D9-093559A01D6A}.Debug|x64.Build.0 = Debug|Any CPU
		{29A4AC44-7B2D-49E4-B1D9-093559A01D6A}.Debug|x86.ActiveCfg = Debug|Any CPU
		{29A4AC44-7B2D-49E4-B1D9-093559A01D6A}.Debug|x86.Build.0 = Debug|Any CPU
		{29A4AC44-7B2D-49E4-B1D9-093559A01D6A}.Release|Any CPU.ActiveCfg = Release|Any CPU
		{29A4AC44-7B2D-49E4-B1D9-093559A01D6A}.Release|Any CPU.Build.0 = Release|Any CPU
		{29A4AC44-7B2D-49E4-B1D9-093559A01D6A}.Release|x64.ActiveCfg = Release|Any CPU
		{29A4AC44-7B2D-49E4-B1D9-093559A01D6A}.Release|x64.Build.0 = Release|Any CPU
		{29A4AC44-7B2D-49E4-B1D9-093559A01D6A}.Release|x86.ActiveCfg = Release|Any CPU
		{29A4AC44-7B2D-49E4-B1D9-093559A01D6A}.Release|x86.Build.0 = Release|Any CPU
		{23BDF4A7-6E5E-4EB3-8B90-8367D11DB4DE}.Debug|Any CPU.ActiveCfg = Debug|Any CPU
		{23BDF4A7-6E5E-4EB3-8B90-8367D11DB4DE}.Debug|Any CPU.Build.0 = Debug|Any CPU
		{23BDF4A7-6E5E-4EB3-8B90-8367D11DB4DE}.Debug|x64.ActiveCfg = Debug|Any CPU
		{23BDF4A7-6E5E-4EB3-8B90-8367D11DB4DE}.Debug|x64.Build.0 = Debug|Any CPU
		{23BDF4A7-6E5E-4EB3-8B90-8367D11DB4DE}.Debug|x86.ActiveCfg = Debug|Any CPU
		{23BDF4A7-6E5E-4EB3-8B90-8367D11DB4DE}.Debug|x86.Build.0 = Debug|Any CPU
		{23BDF4A7-6E5E-4EB3-8B90-8367D11DB4DE}.Release|Any CPU.ActiveCfg = Release|Any CPU
		{23BDF4A7-6E5E-4EB3-8B90-8367D11DB4DE}.Release|Any CPU.Build.0 = Release|Any CPU
		{23BDF4A7-6E5E-4EB3-8B90-8367D11DB4DE}.Release|x64.ActiveCfg = Release|Any CPU
		{23BDF4A7-6E5E-4EB3-8B90-8367D11DB4DE}.Release|x64.Build.0 = Release|Any CPU
		{23BDF4A7-6E5E-4EB3-8B90-8367D11DB4DE}.Release|x86.ActiveCfg = Release|Any CPU
		{23BDF4A7-6E5E-4EB3-8B90-8367D11DB4DE}.Release|x86.Build.0 = Release|Any CPU
		{F910D754-C00D-4FE9-9D3F-A151F4410550}.Debug|Any CPU.ActiveCfg = Debug|Any CPU
		{F910D754-C00D-4FE9-9D3F-A151F4410550}.Debug|Any CPU.Build.0 = Debug|Any CPU
		{F910D754-C00D-4FE9-9D3F-A151F4410550}.Debug|x64.ActiveCfg = Debug|Any CPU
		{F910D754-C00D-4FE9-9D3F-A151F4410550}.Debug|x64.Build.0 = Debug|Any CPU
		{F910D754-C00D-4FE9-9D3F-A151F4410550}.Debug|x86.ActiveCfg = Debug|Any CPU
		{F910D754-C00D-4FE9-9D3F-A151F4410550}.Debug|x86.Build.0 = Debug|Any CPU
		{F910D754-C00D-4FE9-9D3F-A151F4410550}.Release|Any CPU.ActiveCfg = Release|Any CPU
		{F910D754-C00D-4FE9-9D3F-A151F4410550}.Release|Any CPU.Build.0 = Release|Any CPU
		{F910D754-C00D-4FE9-9D3F-A151F4410550}.Release|x64.ActiveCfg = Release|Any CPU
		{F910D754-C00D-4FE9-9D3F-A151F4410550}.Release|x64.Build.0 = Release|Any CPU
		{F910D754-C00D-4FE9-9D3F-A151F4410550}.Release|x86.ActiveCfg = Release|Any CPU
		{F910D754-C00D-4FE9-9D3F-A151F4410550}.Release|x86.Build.0 = Release|Any CPU
		{A6C58148-2228-4A73-805C-7249F921976C}.Debug|Any CPU.ActiveCfg = Debug|Any CPU
		{A6C58148-2228-4A73-805C-7249F921976C}.Debug|Any CPU.Build.0 = Debug|Any CPU
		{A6C58148-2228-4A73-805C-7249F921976C}.Debug|x64.ActiveCfg = Debug|Any CPU
		{A6C58148-2228-4A73-805C-7249F921976C}.Debug|x64.Build.0 = Debug|Any CPU
		{A6C58148-2228-4A73-805C-7249F921976C}.Debug|x86.ActiveCfg = Debug|Any CPU
		{A6C58148-2228-4A73-805C-7249F921976C}.Debug|x86.Build.0 = Debug|Any CPU
		{A6C58148-2228-4A73-805C-7249F921976C}.Release|Any CPU.ActiveCfg = Release|Any CPU
		{A6C58148-2228-4A73-805C-7249F921976C}.Release|Any CPU.Build.0 = Release|Any CPU
		{A6C58148-2228-4A73-805C-7249F921976C}.Release|x64.ActiveCfg = Release|Any CPU
		{A6C58148-2228-4A73-805C-7249F921976C}.Release|x64.Build.0 = Release|Any CPU
		{A6C58148-2228-4A73-805C-7249F921976C}.Release|x86.ActiveCfg = Release|Any CPU
		{A6C58148-2228-4A73-805C-7249F921976C}.Release|x86.Build.0 = Release|Any CPU
		{0B3230BD-2976-4B5F-86F1-B325DC383A98}.Debug|Any CPU.ActiveCfg = Debug|Any CPU
		{0B3230BD-2976-4B5F-86F1-B325DC383A98}.Debug|Any CPU.Build.0 = Debug|Any CPU
		{0B3230BD-2976-4B5F-86F1-B325DC383A98}.Debug|x64.ActiveCfg = Debug|Any CPU
		{0B3230BD-2976-4B5F-86F1-B325DC383A98}.Debug|x64.Build.0 = Debug|Any CPU
		{0B3230BD-2976-4B5F-86F1-B325DC383A98}.Debug|x86.ActiveCfg = Debug|Any CPU
		{0B3230BD-2976-4B5F-86F1-B325DC383A98}.Debug|x86.Build.0 = Debug|Any CPU
		{0B3230BD-2976-4B5F-86F1-B325DC383A98}.Release|Any CPU.ActiveCfg = Release|Any CPU
		{0B3230BD-2976-4B5F-86F1-B325DC383A98}.Release|Any CPU.Build.0 = Release|Any CPU
		{0B3230BD-2976-4B5F-86F1-B325DC383A98}.Release|x64.ActiveCfg = Release|Any CPU
		{0B3230BD-2976-4B5F-86F1-B325DC383A98}.Release|x64.Build.0 = Release|Any CPU
		{0B3230BD-2976-4B5F-86F1-B325DC383A98}.Release|x86.ActiveCfg = Release|Any CPU
		{0B3230BD-2976-4B5F-86F1-B325DC383A98}.Release|x86.Build.0 = Release|Any CPU
		{1310C899-408B-4DE8-9C46-F2204CF5205C}.Debug|Any CPU.ActiveCfg = Debug|Any CPU
		{1310C899-408B-4DE8-9C46-F2204CF5205C}.Debug|Any CPU.Build.0 = Debug|Any CPU
		{1310C899-408B-4DE8-9C46-F2204CF5205C}.Debug|x64.ActiveCfg = Debug|Any CPU
		{1310C899-408B-4DE8-9C46-F2204CF5205C}.Debug|x64.Build.0 = Debug|Any CPU
		{1310C899-408B-4DE8-9C46-F2204CF5205C}.Debug|x86.ActiveCfg = Debug|Any CPU
		{1310C899-408B-4DE8-9C46-F2204CF5205C}.Debug|x86.Build.0 = Debug|Any CPU
		{1310C899-408B-4DE8-9C46-F2204CF5205C}.Release|Any CPU.ActiveCfg = Release|Any CPU
		{1310C899-408B-4DE8-9C46-F2204CF5205C}.Release|Any CPU.Build.0 = Release|Any CPU
		{1310C899-408B-4DE8-9C46-F2204CF5205C}.Release|x64.ActiveCfg = Release|Any CPU
		{1310C899-408B-4DE8-9C46-F2204CF5205C}.Release|x64.Build.0 = Release|Any CPU
		{1310C899-408B-4DE8-9C46-F2204CF5205C}.Release|x86.ActiveCfg = Release|Any CPU
		{1310C899-408B-4DE8-9C46-F2204CF5205C}.Release|x86.Build.0 = Release|Any CPU
	EndGlobalSection
	GlobalSection(NestedProjects) = preSolution
		{A6C58148-2228-4A73-805C-7249F921976C} = {91970717-7A93-413E-8D63-038D09DD5295}
	EndGlobalSection
EndGlobal
